
Microsoft Visual Studio Solution File, Format Version 12.00
# Visual Studio Version 17
VisualStudioVersion = 17.0.32112.339
MinimumVisualStudioVersion = 10.0.40219.1
Project("{2150E333-8FDC-42A3-9474-1A3956D46DE8}") = "src", "src", "{2181C367-1130-416F-97ED-61056CD8413B}"
EndProject
Project("{2150E333-8FDC-42A3-9474-1A3956D46DE8}") = "test", "test", "{F6816609-7A0D-45F8-A036-9340C32FA38B}"
EndProject
Project("{2150E333-8FDC-42A3-9474-1A3956D46DE8}") = "Domain", "Domain", "{20ED0D2F-9265-478E-AF42-ED7F4B3A0863}"
EndProject
Project("{2150E333-8FDC-42A3-9474-1A3956D46DE8}") = "Infrastructure", "Infrastructure", "{EF57F39B-7892-42B4-8459-CCA8E0C9263A}"
EndProject
Project("{2150E333-8FDC-42A3-9474-1A3956D46DE8}") = "UI", "UI", "{17E9CA82-5BA4-4703-8E24-826F75A74AB6}"
EndProject
Project("{9A19103F-16F7-4668-BE54-9A1E7A4F7556}") = "MyTrainingPal.Domain", "MyTrainingPal.Domain\MyTrainingPal.Domain.csproj", "{5EAC4E7E-8827-4D2C-831A-18760FAF7A55}"
EndProject
Project("{9A19103F-16F7-4668-BE54-9A1E7A4F7556}") = "MyTrainingPal.Infrastructure", "MyTrainingPal.Infrastructure\MyTrainingPal.Infrastructure.csproj", "{707DD333-D0D9-4EBB-9010-843E1AA19665}"
EndProject
Project("{9A19103F-16F7-4668-BE54-9A1E7A4F7556}") = "MyTrainingPal.UnitTests", "MyTrainingPal.UnitTests\MyTrainingPal.UnitTests.csproj", "{46E9FF30-57BA-405B-A32E-002451E6BE86}"
EndProject
Project("{9A19103F-16F7-4668-BE54-9A1E7A4F7556}") = "MyTrainingPal.API", "MyTrainingPal.API\MyTrainingPal.API.csproj", "{73321B98-7DBD-4C06-9A02-8737B2D4E8E3}"
EndProject
Project("{9A19103F-16F7-4668-BE54-9A1E7A4F7556}") = "MyTrainingPal.Backlog", "MyTrainingPal.Backlog\MyTrainingPal.Backlog.csproj", "{2878E6B4-D769-4518-BA16-71C14BA22C7F}"
EndProject
Project("{2150E333-8FDC-42A3-9474-1A3956D46DE8}") = "Aplication", "Aplication", "{A5F152BA-F782-4BDA-BD91-F24A16C188DF}"
EndProject
Project("{9A19103F-16F7-4668-BE54-9A1E7A4F7556}") = "MyTrainingPal.Service", "MyTrainingPal.Service\MyTrainingPal.Service.csproj", "{DE52BE0D-91F2-4E60-9285-D419BFD1C94E}"
EndProject
Project("{2150E333-8FDC-42A3-9474-1A3956D46DE8}") = "Solution Items", "Solution Items", "{0D9082DF-9324-4F3C-9433-B6D067C148E3}"
	ProjectSection(SolutionItems) = preProject
		Database\scripts_para_generar_db.sql = Database\scripts_para_generar_db.sql
	EndProjectSection
EndProject
Global
	GlobalSection(SolutionConfigurationPlatforms) = preSolution
		Debug|Any CPU = Debug|Any CPU
		Release|Any CPU = Release|Any CPU
	EndGlobalSection
	GlobalSection(ProjectConfigurationPlatforms) = postSolution
		{5EAC4E7E-8827-4D2C-831A-18760FAF7A55}.Debug|Any CPU.ActiveCfg = Debug|Any CPU
		{5EAC4E7E-8827-4D2C-831A-18760FAF7A55}.Debug|Any CPU.Build.0 = Debug|Any CPU
		{5EAC4E7E-8827-4D2C-831A-18760FAF7A55}.Release|Any CPU.ActiveCfg = Release|Any CPU
		{5EAC4E7E-8827-4D2C-831A-18760FAF7A55}.Release|Any CPU.Build.0 = Release|Any CPU
		{707DD333-D0D9-4EBB-9010-843E1AA19665}.Debug|Any CPU.ActiveCfg = Debug|Any CPU
		{707DD333-D0D9-4EBB-9010-843E1AA19665}.Debug|Any CPU.Build.0 = Debug|Any CPU
		{707DD333-D0D9-4EBB-9010-843E1AA19665}.Release|Any CPU.ActiveCfg = Release|Any CPU
		{707DD333-D0D9-4EBB-9010-843E1AA19665}.Release|Any CPU.Build.0 = Release|Any CPU
		{46E9FF30-57BA-405B-A32E-002451E6BE86}.Debug|Any CPU.ActiveCfg = Debug|Any CPU
		{46E9FF30-57BA-405B-A32E-002451E6BE86}.Debug|Any CPU.Build.0 = Debug|Any CPU
		{46E9FF30-57BA-405B-A32E-002451E6BE86}.Release|Any CPU.ActiveCfg = Release|Any CPU
		{46E9FF30-57BA-405B-A32E-002451E6BE86}.Release|Any CPU.Build.0 = Release|Any CPU
		{73321B98-7DBD-4C06-9A02-8737B2D4E8E3}.Debug|Any CPU.ActiveCfg = Debug|Any CPU
		{73321B98-7DBD-4C06-9A02-8737B2D4E8E3}.Debug|Any CPU.Build.0 = Debug|Any CPU
		{73321B98-7DBD-4C06-9A02-8737B2D4E8E3}.Release|Any CPU.ActiveCfg = Release|Any CPU
		{73321B98-7DBD-4C06-9A02-8737B2D4E8E3}.Release|Any CPU.Build.0 = Release|Any CPU
		{2878E6B4-D769-4518-BA16-71C14BA22C7F}.Debug|Any CPU.ActiveCfg = Debug|Any CPU
		{2878E6B4-D769-4518-BA16-71C14BA22C7F}.Debug|Any CPU.Build.0 = Debug|Any CPU
		{2878E6B4-D769-4518-BA16-71C14BA22C7F}.Release|Any CPU.ActiveCfg = Release|Any CPU
		{2878E6B4-D769-4518-BA16-71C14BA22C7F}.Release|Any CPU.Build.0 = Release|Any CPU
		{DE52BE0D-91F2-4E60-9285-D419BFD1C94E}.Debug|Any CPU.ActiveCfg = Debug|Any CPU
		{DE52BE0D-91F2-4E60-9285-D419BFD1C94E}.Debug|Any CPU.Build.0 = Debug|Any CPU
		{DE52BE0D-91F2-4E60-9285-D419BFD1C94E}.Release|Any CPU.ActiveCfg = Release|Any CPU
		{DE52BE0D-91F2-4E60-9285-D419BFD1C94E}.Release|Any CPU.Build.0 = Release|Any CPU
	EndGlobalSection
	GlobalSection(SolutionProperties) = preSolution
		HideSolutionNode = FALSE
	EndGlobalSection
	GlobalSection(NestedProjects) = preSolution
		{20ED0D2F-9265-478E-AF42-ED7F4B3A0863} = {2181C367-1130-416F-97ED-61056CD8413B}
		{EF57F39B-7892-42B4-8459-CCA8E0C9263A} = {2181C367-1130-416F-97ED-61056CD8413B}
		{17E9CA82-5BA4-4703-8E24-826F75A74AB6} = {2181C367-1130-416F-97ED-61056CD8413B}
		{5EAC4E7E-8827-4D2C-831A-18760FAF7A55} = {20ED0D2F-9265-478E-AF42-ED7F4B3A0863}
		{707DD333-D0D9-4EBB-9010-843E1AA19665} = {EF57F39B-7892-42B4-8459-CCA8E0C9263A}
		{46E9FF30-57BA-405B-A32E-002451E6BE86} = {F6816609-7A0D-45F8-A036-9340C32FA38B}
		{73321B98-7DBD-4C06-9A02-8737B2D4E8E3} = {17E9CA82-5BA4-4703-8E24-826F75A74AB6}
		{2878E6B4-D769-4518-BA16-71C14BA22C7F} = {17E9CA82-5BA4-4703-8E24-826F75A74AB6}
		{A5F152BA-F782-4BDA-BD91-F24A16C188DF} = {2181C367-1130-416F-97ED-61056CD8413B}
		{DE52BE0D-91F2-4E60-9285-D419BFD1C94E} = {A5F152BA-F782-4BDA-BD91-F24A16C188DF}
	EndGlobalSection
	GlobalSection(ExtensibilityGlobals) = postSolution
		SolutionGuid = {39112429-B6FC-4D6B-BF1B-152CB6B40CFA}
	EndGlobalSection
EndGlobal
