
Microsoft Visual Studio Solution File, Format Version 12.00
# Visual Studio Version 17
VisualStudioVersion = 17.0.32112.339
MinimumVisualStudioVersion = 10.0.40219.1
Project("{2150E333-8FDC-42A3-9474-1A3956D46DE8}") = "src", "src", "{2181C367-1130-416F-97ED-61056CD8413B}"
EndProject
Project("{2150E333-8FDC-42A3-9474-1A3956D46DE8}") = "test", "test", "{F6816609-7A0D-45F8-A036-9340C32FA38B}"
EndProject
Project("{2150E333-8FDC-42A3-9474-1A3956D46DE8}") = "Domain", "Domain", "{20ED0D2F-9265-478E-AF42-ED7F4B3A0863}"
EndProject
Project("{2150E333-8FDC-42A3-9474-1A3956D46DE8}") = "Infrastructure", "Infrastructure", "{EF57F39B-7892-42B4-8459-CCA8E0C9263A}"
EndProject
Project("{2150E333-8FDC-42A3-9474-1A3956D46DE8}") = "Application", "Application", "{BAD34308-8242-4EFD-BAC1-121F4F4C24B2}"
EndProject
Project("{2150E333-8FDC-42A3-9474-1A3956D46DE8}") = "UI", "UI", "{17E9CA82-5BA4-4703-8E24-826F75A74AB6}"
EndProject
Project("{9A19103F-16F7-4668-BE54-9A1E7A4F7556}") = "MyTrainingPal.Domain", "MyTrainingPal.Domain\MyTrainingPal.Domain.csproj", "{5EAC4E7E-8827-4D2C-831A-18760FAF7A55}"
EndProject
Project("{9A19103F-16F7-4668-BE54-9A1E7A4F7556}") = "MyTrainingPal.Application", "MyTrainingPal.Application\MyTrainingPal.Application.csproj", "{411E66EB-D15E-4155-A444-BD8FB16081E4}"
EndProject
Project("{9A19103F-16F7-4668-BE54-9A1E7A4F7556}") = "MyTrainingPal.Infrastructure", "MyTrainingPal.Infrastructure\MyTrainingPal.Infrastructure.csproj", "{707DD333-D0D9-4EBB-9010-843E1AA19665}"
EndProject
Project("{9A19103F-16F7-4668-BE54-9A1E7A4F7556}") = "MyTrainingPal.API", "MyTrainingPal.API\MyTrainingPal.API.csproj", "{2964FB21-78BB-4C93-A317-27B79A13C973}"
EndProject
Project("{9A19103F-16F7-4668-BE54-9A1E7A4F7556}") = "MyTrainingPal.WebApp", "MyTrainingPal.WebApp\MyTrainingPal.WebApp.csproj", "{961033F8-E033-4AF2-B601-85143D5744A7}"
EndProject
Project("{9A19103F-16F7-4668-BE54-9A1E7A4F7556}") = "MyTrainingPal.UnitTests", "MyTrainingPal.UnitTests\MyTrainingPal.UnitTests.csproj", "{46E9FF30-57BA-405B-A32E-002451E6BE86}"
EndProject
Global
	GlobalSection(SolutionConfigurationPlatforms) = preSolution
		Debug|Any CPU = Debug|Any CPU
		Release|Any CPU = Release|Any CPU
	EndGlobalSection
	GlobalSection(ProjectConfigurationPlatforms) = postSolution
		{5EAC4E7E-8827-4D2C-831A-18760FAF7A55}.Debug|Any CPU.ActiveCfg = Debug|Any CPU
		{5EAC4E7E-8827-4D2C-831A-18760FAF7A55}.Debug|Any CPU.Build.0 = Debug|Any CPU
		{5EAC4E7E-8827-4D2C-831A-18760FAF7A55}.Release|Any CPU.ActiveCfg = Release|Any CPU
		{5EAC4E7E-8827-4D2C-831A-18760FAF7A55}.Release|Any CPU.Build.0 = Release|Any CPU
		{411E66EB-D15E-4155-A444-BD8FB16081E4}.Debug|Any CPU.ActiveCfg = Debug|Any CPU
		{411E66EB-D15E-4155-A444-BD8FB16081E4}.Debug|Any CPU.Build.0 = Debug|Any CPU
		{411E66EB-D15E-4155-A444-BD8FB16081E4}.Release|Any CPU.ActiveCfg = Release|Any CPU
		{411E66EB-D15E-4155-A444-BD8FB16081E4}.Release|Any CPU.Build.0 = Release|Any CPU
		{707DD333-D0D9-4EBB-9010-843E1AA19665}.Debug|Any CPU.ActiveCfg = Debug|Any CPU
		{707DD333-D0D9-4EBB-9010-843E1AA19665}.Debug|Any CPU.Build.0 = Debug|Any CPU
		{707DD333-D0D9-4EBB-9010-843E1AA19665}.Release|Any CPU.ActiveCfg = Release|Any CPU
		{707DD333-D0D9-4EBB-9010-843E1AA19665}.Release|Any CPU.Build.0 = Release|Any CPU
		{2964FB21-78BB-4C93-A317-27B79A13C973}.Debug|Any CPU.ActiveCfg = Debug|Any CPU
		{2964FB21-78BB-4C93-A317-27B79A13C973}.Debug|Any CPU.Build.0 = Debug|Any CPU
		{2964FB21-78BB-4C93-A317-27B79A13C973}.Release|Any CPU.ActiveCfg = Release|Any CPU
		{2964FB21-78BB-4C93-A317-27B79A13C973}.Release|Any CPU.Build.0 = Release|Any CPU
		{961033F8-E033-4AF2-B601-85143D5744A7}.Debug|Any CPU.ActiveCfg = Debug|Any CPU
		{961033F8-E033-4AF2-B601-85143D5744A7}.Debug|Any CPU.Build.0 = Debug|Any CPU
		{961033F8-E033-4AF2-B601-85143D5744A7}.Release|Any CPU.ActiveCfg = Release|Any CPU
		{961033F8-E033-4AF2-B601-85143D5744A7}.Release|Any CPU.Build.0 = Release|Any CPU
		{46E9FF30-57BA-405B-A32E-002451E6BE86}.Debug|Any CPU.ActiveCfg = Debug|Any CPU
		{46E9FF30-57BA-405B-A32E-002451E6BE86}.Debug|Any CPU.Build.0 = Debug|Any CPU
		{46E9FF30-57BA-405B-A32E-002451E6BE86}.Release|Any CPU.ActiveCfg = Release|Any CPU
		{46E9FF30-57BA-405B-A32E-002451E6BE86}.Release|Any CPU.Build.0 = Release|Any CPU
	EndGlobalSection
	GlobalSection(SolutionProperties) = preSolution
		HideSolutionNode = FALSE
	EndGlobalSection
	GlobalSection(NestedProjects) = preSolution
		{20ED0D2F-9265-478E-AF42-ED7F4B3A0863} = {2181C367-1130-416F-97ED-61056CD8413B}
		{EF57F39B-7892-42B4-8459-CCA8E0C9263A} = {2181C367-1130-416F-97ED-61056CD8413B}
		{BAD34308-8242-4EFD-BAC1-121F4F4C24B2} = {2181C367-1130-416F-97ED-61056CD8413B}
		{17E9CA82-5BA4-4703-8E24-826F75A74AB6} = {2181C367-1130-416F-97ED-61056CD8413B}
		{5EAC4E7E-8827-4D2C-831A-18760FAF7A55} = {20ED0D2F-9265-478E-AF42-ED7F4B3A0863}
		{411E66EB-D15E-4155-A444-BD8FB16081E4} = {BAD34308-8242-4EFD-BAC1-121F4F4C24B2}
		{707DD333-D0D9-4EBB-9010-843E1AA19665} = {EF57F39B-7892-42B4-8459-CCA8E0C9263A}
		{2964FB21-78BB-4C93-A317-27B79A13C973} = {17E9CA82-5BA4-4703-8E24-826F75A74AB6}
		{961033F8-E033-4AF2-B601-85143D5744A7} = {17E9CA82-5BA4-4703-8E24-826F75A74AB6}
		{46E9FF30-57BA-405B-A32E-002451E6BE86} = {F6816609-7A0D-45F8-A036-9340C32FA38B}
	EndGlobalSection
	GlobalSection(ExtensibilityGlobals) = postSolution
		SolutionGuid = {39112429-B6FC-4D6B-BF1B-152CB6B40CFA}
	EndGlobalSection
EndGlobal
